
Microsoft Visual Studio Solution File, Format Version 12.00
# Visual Studio 15
VisualStudioVersion = 15.0.28307.421
MinimumVisualStudioVersion = 10.0.40219.1
Project("{FAE04EC0-301F-11D3-BF4B-00C04F79EFBC}") = "InstantPaster", "InstantPaster\InstantPaster.csproj", "{70DE9293-AA4B-420A-8794-B2A540717A76}"
EndProject
Global
	GlobalSection(SolutionConfigurationPlatforms) = preSolution
		Debug|Any CPU = Debug|Any CPU
		Release|Any CPU = Release|Any CPU
	EndGlobalSection
	GlobalSection(ProjectConfigurationPlatforms) = postSolution
		{70DE9293-AA4B-420A-8794-B2A540717A76}.Debug|Any CPU.ActiveCfg = Debug|Any CPU
		{70DE9293-AA4B-420A-8794-B2A540717A76}.Debug|Any CPU.Build.0 = Debug|Any CPU
		{70DE9293-AA4B-420A-8794-B2A540717A76}.Release|Any CPU.ActiveCfg = Release|Any CPU
		{70DE9293-AA4B-420A-8794-B2A540717A76}.Release|Any CPU.Build.0 = Release|Any CPU
	EndGlobalSection
	GlobalSection(SolutionProperties) = preSolution
		HideSolutionNode = FALSE
	EndGlobalSection
	GlobalSection(ExtensibilityGlobals) = postSolution
		SolutionGuid = {74DED6FD-D77C-4211-B495-78257EB9FD87}
	EndGlobalSection
EndGlobal
